// !$*UTF8*$!
{
	archiveVersion = 1;
	classes = {
	};
	objectVersion = 55;
	objects = {

/* Begin PBXBuildFile section */
		A7010014281A501D00E3236C /* CustomUIFramework.h in Headers */ = {isa = PBXBuildFile; fileRef = A7010013281A501D00E3236C /* CustomUIFramework.h */; settings = {ATTRIBUTES = (Public, ); }; };
		A701001B281A504100E3236C /* InputField.swift in Sources */ = {isa = PBXBuildFile; fileRef = A701001A281A504100E3236C /* InputField.swift */; };
		A701001D281A507D00E3236C /* RoundedButton.swift in Sources */ = {isa = PBXBuildFile; fileRef = A701001C281A507D00E3236C /* RoundedButton.swift */; };
		A701001F281A50C200E3236C /* GradientButton.swift in Sources */ = {isa = PBXBuildFile; fileRef = A701001E281A50C200E3236C /* GradientButton.swift */; };
		A7010021281A510F00E3236C /* PopAlertView.swift in Sources */ = {isa = PBXBuildFile; fileRef = A7010020281A510F00E3236C /* PopAlertView.swift */; };
		A7010023281A514700E3236C /* EmailValidator.swift in Sources */ = {isa = PBXBuildFile; fileRef = A7010022281A514700E3236C /* EmailValidator.swift */; };
		A7010025281A518800E3236C /* UnderLinedButton.swift in Sources */ = {isa = PBXBuildFile; fileRef = A7010024281A518800E3236C /* UnderLinedButton.swift */; };
		A7010027281A529900E3236C /* Validator.swift in Sources */ = {isa = PBXBuildFile; fileRef = A7010026281A529900E3236C /* Validator.swift */; };
		A7010029281A534600E3236C /* RequiredValidator.swift in Sources */ = {isa = PBXBuildFile; fileRef = A7010028281A534600E3236C /* RequiredValidator.swift */; };
		A7010037281A5A3D00E3236C /* TwoLinedButton.swift in Sources */ = {isa = PBXBuildFile; fileRef = A7010036281A5A3D00E3236C /* TwoLinedButton.swift */; };
		A7010075281AFB1900E3236C /* Light14Label.swift in Sources */ = {isa = PBXBuildFile; fileRef = A7010074281AFB1900E3236C /* Light14Label.swift */; };
		A7010077281AFB5B00E3236C /* Regular14Label.swift in Sources */ = {isa = PBXBuildFile; fileRef = A7010076281AFB5B00E3236C /* Regular14Label.swift */; };
		A7010079281AFB6700E3236C /* Regular12Label.swift in Sources */ = {isa = PBXBuildFile; fileRef = A7010078281AFB6700E3236C /* Regular12Label.swift */; };
		A701007B281AFBA000E3236C /* Regular18Label.swift in Sources */ = {isa = PBXBuildFile; fileRef = A701007A281AFBA000E3236C /* Regular18Label.swift */; };
		A701007D281AFBBA00E3236C /* Bold20Label.swift in Sources */ = {isa = PBXBuildFile; fileRef = A701007C281AFBBA00E3236C /* Bold20Label.swift */; };
		A701007F281AFC1600E3236C /* Bold22Label.swift in Sources */ = {isa = PBXBuildFile; fileRef = A701007E281AFC1600E3236C /* Bold22Label.swift */; };
		A7010081281AFC2A00E3236C /* Regular16Label.swift in Sources */ = {isa = PBXBuildFile; fileRef = A7010080281AFC2A00E3236C /* Regular16Label.swift */; };
		A7B27A26281BCB2400A587CF /* Font.swift in Sources */ = {isa = PBXBuildFile; fileRef = A7B27A25281BCB2400A587CF /* Font.swift */; };
/* End PBXBuildFile section */

/* Begin PBXFileReference section */
		A7010010281A501D00E3236C /* CustomUIFramework.framework */ = {isa = PBXFileReference; explicitFileType = wrapper.framework; includeInIndex = 0; path = CustomUIFramework.framework; sourceTree = BUILT_PRODUCTS_DIR; };
		A7010013281A501D00E3236C /* CustomUIFramework.h */ = {isa = PBXFileReference; lastKnownFileType = sourcecode.c.h; path = CustomUIFramework.h; sourceTree = "<group>"; };
		A701001A281A504100E3236C /* InputField.swift */ = {isa = PBXFileReference; lastKnownFileType = sourcecode.swift; path = InputField.swift; sourceTree = "<group>"; };
		A701001C281A507D00E3236C /* RoundedButton.swift */ = {isa = PBXFileReference; lastKnownFileType = sourcecode.swift; path = RoundedButton.swift; sourceTree = "<group>"; };
		A701001E281A50C200E3236C /* GradientButton.swift */ = {isa = PBXFileReference; lastKnownFileType = sourcecode.swift; path = GradientButton.swift; sourceTree = "<group>"; };
		A7010020281A510F00E3236C /* PopAlertView.swift */ = {isa = PBXFileReference; lastKnownFileType = sourcecode.swift; path = PopAlertView.swift; sourceTree = "<group>"; };
		A7010022281A514700E3236C /* EmailValidator.swift */ = {isa = PBXFileReference; lastKnownFileType = sourcecode.swift; path = EmailValidator.swift; sourceTree = "<group>"; };
		A7010024281A518800E3236C /* UnderLinedButton.swift */ = {isa = PBXFileReference; lastKnownFileType = sourcecode.swift; path = UnderLinedButton.swift; sourceTree = "<group>"; };
		A7010026281A529900E3236C /* Validator.swift */ = {isa = PBXFileReference; lastKnownFileType = sourcecode.swift; path = Validator.swift; sourceTree = "<group>"; };
		A7010028281A534600E3236C /* RequiredValidator.swift */ = {isa = PBXFileReference; lastKnownFileType = sourcecode.swift; path = RequiredValidator.swift; sourceTree = "<group>"; };
		A7010036281A5A3D00E3236C /* TwoLinedButton.swift */ = {isa = PBXFileReference; lastKnownFileType = sourcecode.swift; path = TwoLinedButton.swift; sourceTree = "<group>"; };
		A7010074281AFB1900E3236C /* Light14Label.swift */ = {isa = PBXFileReference; lastKnownFileType = sourcecode.swift; path = Light14Label.swift; sourceTree = "<group>"; };
		A7010076281AFB5B00E3236C /* Regular14Label.swift */ = {isa = PBXFileReference; lastKnownFileType = sourcecode.swift; path = Regular14Label.swift; sourceTree = "<group>"; };
		A7010078281AFB6700E3236C /* Regular12Label.swift */ = {isa = PBXFileReference; lastKnownFileType = sourcecode.swift; path = Regular12Label.swift; sourceTree = "<group>"; };
		A701007A281AFBA000E3236C /* Regular18Label.swift */ = {isa = PBXFileReference; lastKnownFileType = sourcecode.swift; path = Regular18Label.swift; sourceTree = "<group>"; };
		A701007C281AFBBA00E3236C /* Bold20Label.swift */ = {isa = PBXFileReference; lastKnownFileType = sourcecode.swift; path = Bold20Label.swift; sourceTree = "<group>"; };
		A701007E281AFC1600E3236C /* Bold22Label.swift */ = {isa = PBXFileReference; lastKnownFileType = sourcecode.swift; path = Bold22Label.swift; sourceTree = "<group>"; };
		A7010080281AFC2A00E3236C /* Regular16Label.swift */ = {isa = PBXFileReference; lastKnownFileType = sourcecode.swift; path = Regular16Label.swift; sourceTree = "<group>"; };
		A7B27A25281BCB2400A587CF /* Font.swift */ = {isa = PBXFileReference; lastKnownFileType = sourcecode.swift; path = Font.swift; sourceTree = "<group>"; };
/* End PBXFileReference section */

/* Begin PBXFrameworksBuildPhase section */
		A701000D281A501D00E3236C /* Frameworks */ = {
			isa = PBXFrameworksBuildPhase;
			buildActionMask = 2147483647;
			files = (
			);
			runOnlyForDeploymentPostprocessing = 0;
		};
/* End PBXFrameworksBuildPhase section */

/* Begin PBXGroup section */
		A7010006281A501D00E3236C = {
			isa = PBXGroup;
			children = (
				A7010012281A501D00E3236C /* CustomUIFramework */,
				A7010011281A501D00E3236C /* Products */,
			);
			sourceTree = "<group>";
		};
		A7010011281A501D00E3236C /* Products */ = {
			isa = PBXGroup;
			children = (
				A7010010281A501D00E3236C /* CustomUIFramework.framework */,
			);
			name = Products;
			sourceTree = "<group>";
		};
		A7010012281A501D00E3236C /* CustomUIFramework */ = {
			isa = PBXGroup;
			children = (
				A7010013281A501D00E3236C /* CustomUIFramework.h */,
				A701001A281A504100E3236C /* InputField.swift */,
				A701001C281A507D00E3236C /* RoundedButton.swift */,
				A701001E281A50C200E3236C /* GradientButton.swift */,
				A7010020281A510F00E3236C /* PopAlertView.swift */,
				A7010024281A518800E3236C /* UnderLinedButton.swift */,
				A7010036281A5A3D00E3236C /* TwoLinedButton.swift */,
				A7010073281AFAE100E3236C /* Labels */,
				A701002A281A537200E3236C /* Validator */,
				A7B27A25281BCB2400A587CF /* Font.swift */,
			);
			path = CustomUIFramework;
			sourceTree = "<group>";
		};
		A701002A281A537200E3236C /* Validator */ = {
			isa = PBXGroup;
			children = (
				A7010026281A529900E3236C /* Validator.swift */,
				A7010022281A514700E3236C /* EmailValidator.swift */,
				A7010028281A534600E3236C /* RequiredValidator.swift */,
			);
			path = Validator;
			sourceTree = "<group>";
		};
		A7010073281AFAE100E3236C /* Labels */ = {
			isa = PBXGroup;
			children = (
				A7010074281AFB1900E3236C /* Light14Label.swift */,
				A7010078281AFB6700E3236C /* Regular12Label.swift */,
				A7010076281AFB5B00E3236C /* Regular14Label.swift */,
				A7010080281AFC2A00E3236C /* Regular16Label.swift */,
				A701007A281AFBA000E3236C /* Regular18Label.swift */,
				A701007C281AFBBA00E3236C /* Bold20Label.swift */,
				A701007E281AFC1600E3236C /* Bold22Label.swift */,
			);
			path = Labels;
			sourceTree = "<group>";
		};
/* End PBXGroup section */

/* Begin PBXHeadersBuildPhase section */
		A701000B281A501D00E3236C /* Headers */ = {
			isa = PBXHeadersBuildPhase;
			buildActionMask = 2147483647;
			files = (
				A7010014281A501D00E3236C /* CustomUIFramework.h in Headers */,
			);
			runOnlyForDeploymentPostprocessing = 0;
		};
/* End PBXHeadersBuildPhase section */

/* Begin PBXNativeTarget section */
		A701000F281A501D00E3236C /* CustomUIFramework */ = {
			isa = PBXNativeTarget;
			buildConfigurationList = A7010017281A501D00E3236C /* Build configuration list for PBXNativeTarget "CustomUIFramework" */;
			buildPhases = (
				A701000B281A501D00E3236C /* Headers */,
				A701000C281A501D00E3236C /* Sources */,
				A701000D281A501D00E3236C /* Frameworks */,
				A701000E281A501D00E3236C /* Resources */,
			);
			buildRules = (
			);
			dependencies = (
			);
			name = CustomUIFramework;
			productName = CustomUIFramework;
			productReference = A7010010281A501D00E3236C /* CustomUIFramework.framework */;
			productType = "com.apple.product-type.framework";
		};
/* End PBXNativeTarget section */

/* Begin PBXProject section */
		A7010007281A501D00E3236C /* Project object */ = {
			isa = PBXProject;
			attributes = {
				BuildIndependentTargetsInParallel = 1;
				LastUpgradeCheck = 1310;
				TargetAttributes = {
					A701000F281A501D00E3236C = {
						CreatedOnToolsVersion = 13.1;
						LastSwiftMigration = 1310;
					};
				};
			};
			buildConfigurationList = A701000A281A501D00E3236C /* Build configuration list for PBXProject "CustomUIFramework" */;
			compatibilityVersion = "Xcode 13.0";
			developmentRegion = en;
			hasScannedForEncodings = 0;
			knownRegions = (
				en,
				Base,
			);
			mainGroup = A7010006281A501D00E3236C;
			productRefGroup = A7010011281A501D00E3236C /* Products */;
			projectDirPath = "";
			projectRoot = "";
			targets = (
				A701000F281A501D00E3236C /* CustomUIFramework */,
			);
		};
/* End PBXProject section */

/* Begin PBXResourcesBuildPhase section */
		A701000E281A501D00E3236C /* Resources */ = {
			isa = PBXResourcesBuildPhase;
			buildActionMask = 2147483647;
			files = (
			);
			runOnlyForDeploymentPostprocessing = 0;
		};
/* End PBXResourcesBuildPhase section */

/* Begin PBXSourcesBuildPhase section */
		A701000C281A501D00E3236C /* Sources */ = {
			isa = PBXSourcesBuildPhase;
			buildActionMask = 2147483647;
			files = (
				A7010077281AFB5B00E3236C /* Regular14Label.swift in Sources */,
				A701007F281AFC1600E3236C /* Bold22Label.swift in Sources */,
				A701001B281A504100E3236C /* InputField.swift in Sources */,
				A7010081281AFC2A00E3236C /* Regular16Label.swift in Sources */,
				A7010029281A534600E3236C /* RequiredValidator.swift in Sources */,
				A701001F281A50C200E3236C /* GradientButton.swift in Sources */,
				A7010079281AFB6700E3236C /* Regular12Label.swift in Sources */,
				A701007B281AFBA000E3236C /* Regular18Label.swift in Sources */,
				A7010023281A514700E3236C /* EmailValidator.swift in Sources */,
				A701001D281A507D00E3236C /* RoundedButton.swift in Sources */,
				A7010027281A529900E3236C /* Validator.swift in Sources */,
				A7010075281AFB1900E3236C /* Light14Label.swift in Sources */,
				A7B27A26281BCB2400A587CF /* Font.swift in Sources */,
				A7010021281A510F00E3236C /* PopAlertView.swift in Sources */,
				A7010037281A5A3D00E3236C /* TwoLinedButton.swift in Sources */,
				A7010025281A518800E3236C /* UnderLinedButton.swift in Sources */,
				A701007D281AFBBA00E3236C /* Bold20Label.swift in Sources */,
			);
			runOnlyForDeploymentPostprocessing = 0;
		};
/* End PBXSourcesBuildPhase section */

/* Begin XCBuildConfiguration section */
		A7010015281A501D00E3236C /* Debug */ = {
			isa = XCBuildConfiguration;
			buildSettings = {
				ALWAYS_SEARCH_USER_PATHS = NO;
				CLANG_ANALYZER_NONNULL = YES;
				CLANG_ANALYZER_NUMBER_OBJECT_CONVERSION = YES_AGGRESSIVE;
				CLANG_CXX_LANGUAGE_STANDARD = "gnu++17";
				CLANG_CXX_LIBRARY = "libc++";
				CLANG_ENABLE_MODULES = YES;
				CLANG_ENABLE_OBJC_ARC = YES;
				CLANG_ENABLE_OBJC_WEAK = YES;
				CLANG_WARN_BLOCK_CAPTURE_AUTORELEASING = YES;
				CLANG_WARN_BOOL_CONVERSION = YES;
				CLANG_WARN_COMMA = YES;
				CLANG_WARN_CONSTANT_CONVERSION = YES;
				CLANG_WARN_DEPRECATED_OBJC_IMPLEMENTATIONS = YES;
				CLANG_WARN_DIRECT_OBJC_ISA_USAGE = YES_ERROR;
				CLANG_WARN_DOCUMENTATION_COMMENTS = YES;
				CLANG_WARN_EMPTY_BODY = YES;
				CLANG_WARN_ENUM_CONVERSION = YES;
				CLANG_WARN_INFINITE_RECURSION = YES;
				CLANG_WARN_INT_CONVERSION = YES;
				CLANG_WARN_NON_LITERAL_NULL_CONVERSION = YES;
				CLANG_WARN_OBJC_IMPLICIT_RETAIN_SELF = YES;
				CLANG_WARN_OBJC_LITERAL_CONVERSION = YES;
				CLANG_WARN_OBJC_ROOT_CLASS = YES_ERROR;
				CLANG_WARN_QUOTED_INCLUDE_IN_FRAMEWORK_HEADER = YES;
				CLANG_WARN_RANGE_LOOP_ANALYSIS = YES;
				CLANG_WARN_STRICT_PROTOTYPES = YES;
				CLANG_WARN_SUSPICIOUS_MOVE = YES;
				CLANG_WARN_UNGUARDED_AVAILABILITY = YES_AGGRESSIVE;
				CLANG_WARN_UNREACHABLE_CODE = YES;
				CLANG_WARN__DUPLICATE_METHOD_MATCH = YES;
				COPY_PHASE_STRIP = NO;
				CURRENT_PROJECT_VERSION = 1;
				DEBUG_INFORMATION_FORMAT = dwarf;
				ENABLE_STRICT_OBJC_MSGSEND = YES;
				ENABLE_TESTABILITY = YES;
				GCC_C_LANGUAGE_STANDARD = gnu11;
				GCC_DYNAMIC_NO_PIC = NO;
				GCC_NO_COMMON_BLOCKS = YES;
				GCC_OPTIMIZATION_LEVEL = 0;
				GCC_PREPROCESSOR_DEFINITIONS = (
					"DEBUG=1",
					"$(inherited)",
				);
				GCC_WARN_64_TO_32_BIT_CONVERSION = YES;
				GCC_WARN_ABOUT_RETURN_TYPE = YES_ERROR;
				GCC_WARN_UNDECLARED_SELECTOR = YES;
				GCC_WARN_UNINITIALIZED_AUTOS = YES_AGGRESSIVE;
				GCC_WARN_UNUSED_FUNCTION = YES;
				GCC_WARN_UNUSED_VARIABLE = YES;
				IPHONEOS_DEPLOYMENT_TARGET = 15.0;
				MTL_ENABLE_DEBUG_INFO = INCLUDE_SOURCE;
				MTL_FAST_MATH = YES;
				ONLY_ACTIVE_ARCH = YES;
				SDKROOT = iphoneos;
				SWIFT_ACTIVE_COMPILATION_CONDITIONS = DEBUG;
				SWIFT_OPTIMIZATION_LEVEL = "-Onone";
				VERSIONING_SYSTEM = "apple-generic";
				VERSION_INFO_PREFIX = "";
			};
			name = Debug;
		};
		A7010016281A501D00E3236C /* Release */ = {
			isa = XCBuildConfiguration;
			buildSettings = {
				ALWAYS_SEARCH_USER_PATHS = NO;
				CLANG_ANALYZER_NONNULL = YES;
				CLANG_ANALYZER_NUMBER_OBJECT_CONVERSION = YES_AGGRESSIVE;
				CLANG_CXX_LANGUAGE_STANDARD = "gnu++17";
				CLANG_CXX_LIBRARY = "libc++";
				CLANG_ENABLE_MODULES = YES;
				CLANG_ENABLE_OBJC_ARC = YES;
				CLANG_ENABLE_OBJC_WEAK = YES;
				CLANG_WARN_BLOCK_CAPTURE_AUTORELEASING = YES;
				CLANG_WARN_BOOL_CONVERSION = YES;
				CLANG_WARN_COMMA = YES;
				CLANG_WARN_CONSTANT_CONVERSION = YES;
				CLANG_WARN_DEPRECATED_OBJC_IMPLEMENTATIONS = YES;
				CLANG_WARN_DIRECT_OBJC_ISA_USAGE = YES_ERROR;
				CLANG_WARN_DOCUMENTATION_COMMENTS = YES;
				CLANG_WARN_EMPTY_BODY = YES;
				CLANG_WARN_ENUM_CONVERSION = YES;
				CLANG_WARN_INFINITE_RECURSION = YES;
				CLANG_WARN_INT_CONVERSION = YES;
				CLANG_WARN_NON_LITERAL_NULL_CONVERSION = YES;
				CLANG_WARN_OBJC_IMPLICIT_RETAIN_SELF = YES;
				CLANG_WARN_OBJC_LITERAL_CONVERSION = YES;
				CLANG_WARN_OBJC_ROOT_CLASS = YES_ERROR;
				CLANG_WARN_QUOTED_INCLUDE_IN_FRAMEWORK_HEADER = YES;
				CLANG_WARN_RANGE_LOOP_ANALYSIS = YES;
				CLANG_WARN_STRICT_PROTOTYPES = YES;
				CLANG_WARN_SUSPICIOUS_MOVE = YES;
				CLANG_WARN_UNGUARDED_AVAILABILITY = YES_AGGRESSIVE;
				CLANG_WARN_UNREACHABLE_CODE = YES;
				CLANG_WARN__DUPLICATE_METHOD_MATCH = YES;
				COPY_PHASE_STRIP = NO;
				CURRENT_PROJECT_VERSION = 1;
				DEBUG_INFORMATION_FORMAT = "dwarf-with-dsym";
				ENABLE_NS_ASSERTIONS = NO;
				ENABLE_STRICT_OBJC_MSGSEND = YES;
				GCC_C_LANGUAGE_STANDARD = gnu11;
				GCC_NO_COMMON_BLOCKS = YES;
				GCC_WARN_64_TO_32_BIT_CONVERSION = YES;
				GCC_WARN_ABOUT_RETURN_TYPE = YES_ERROR;
				GCC_WARN_UNDECLARED_SELECTOR = YES;
				GCC_WARN_UNINITIALIZED_AUTOS = YES_AGGRESSIVE;
				GCC_WARN_UNUSED_FUNCTION = YES;
				GCC_WARN_UNUSED_VARIABLE = YES;
				IPHONEOS_DEPLOYMENT_TARGET = 15.0;
				MTL_ENABLE_DEBUG_INFO = NO;
				MTL_FAST_MATH = YES;
				SDKROOT = iphoneos;
				SWIFT_COMPILATION_MODE = wholemodule;
				SWIFT_OPTIMIZATION_LEVEL = "-O";
				VALIDATE_PRODUCT = YES;
				VERSIONING_SYSTEM = "apple-generic";
				VERSION_INFO_PREFIX = "";
			};
			name = Release;
		};
		A7010018281A501D00E3236C /* Debug */ = {
			isa = XCBuildConfiguration;
			buildSettings = {
				BUILD_LIBRARY_FOR_DISTRIBUTION = YES;
				CLANG_ENABLE_MODULES = YES;
				CODE_SIGN_STYLE = Automatic;
				CURRENT_PROJECT_VERSION = 1;
				DEFINES_MODULE = YES;
				DEVELOPMENT_TEAM = JJQT88D763;
				DYLIB_COMPATIBILITY_VERSION = 1;
				DYLIB_CURRENT_VERSION = 1;
				DYLIB_INSTALL_NAME_BASE = "@rpath";
				GENERATE_INFOPLIST_FILE = YES;
				INFOPLIST_KEY_NSHumanReadableCopyright = "";
				INSTALL_PATH = "$(LOCAL_LIBRARY_DIR)/Frameworks";
				LD_RUNPATH_SEARCH_PATHS = (
					"$(inherited)",
					"@executable_path/Frameworks",
					"@loader_path/Frameworks",
				);
				MARKETING_VERSION = 1.0;
				PRODUCT_BUNDLE_IDENTIFIER = com.mariam.CustomUIFramework;
				PRODUCT_NAME = "$(TARGET_NAME:c99extidentifier)";
				SKIP_INSTALL = YES;
				SUPPORTS_MACCATALYST = NO;
				SWIFT_EMIT_LOC_STRINGS = YES;
				SWIFT_OPTIMIZATION_LEVEL = "-Onone";
				SWIFT_VERSION = 5.0;
				TARGETED_DEVICE_FAMILY = "1,2";
			};
			name = Debug;
		};
		A7010019281A501D00E3236C /* Release */ = {
			isa = XCBuildConfiguration;
			buildSettings = {
				BUILD_LIBRARY_FOR_DISTRIBUTION = YES;
				CLANG_ENABLE_MODULES = YES;
				CODE_SIGN_STYLE = Automatic;
				CURRENT_PROJECT_VERSION = 1;
				DEFINES_MODULE = YES;
				DEVELOPMENT_TEAM = JJQT88D763;
				DYLIB_COMPATIBILITY_VERSION = 1;
				DYLIB_CURRENT_VERSION = 1;
				DYLIB_INSTALL_NAME_BASE = "@rpath";
				GENERATE_INFOPLIST_FILE = YES;
				INFOPLIST_KEY_NSHumanReadableCopyright = "";
				INSTALL_PATH = "$(LOCAL_LIBRARY_DIR)/Frameworks";
				LD_RUNPATH_SEARCH_PATHS = (
					"$(inherited)",
					"@executable_path/Frameworks",
					"@loader_path/Frameworks",
				);
				MARKETING_VERSION = 1.0;
				PRODUCT_BUNDLE_IDENTIFIER = com.mariam.CustomUIFramework;
				PRODUCT_NAME = "$(TARGET_NAME:c99extidentifier)";
				SKIP_INSTALL = YES;
				SUPPORTS_MACCATALYST = NO;
				SWIFT_EMIT_LOC_STRINGS = YES;
				SWIFT_VERSION = 5.0;
				TARGETED_DEVICE_FAMILY = "1,2";
			};
			name = Release;
		};
/* End XCBuildConfiguration section */

/* Begin XCConfigurationList section */
		A701000A281A501D00E3236C /* Build configuration list for PBXProject "CustomUIFramework" */ = {
			isa = XCConfigurationList;
			buildConfigurations = (
				A7010015281A501D00E3236C /* Debug */,
				A7010016281A501D00E3236C /* Release */,
			);
			defaultConfigurationIsVisible = 0;
			defaultConfigurationName = Release;
		};
		A7010017281A501D00E3236C /* Build configuration list for PBXNativeTarget "CustomUIFramework" */ = {
			isa = XCConfigurationList;
			buildConfigurations = (
				A7010018281A501D00E3236C /* Debug */,
				A7010019281A501D00E3236C /* Release */,
			);
			defaultConfigurationIsVisible = 0;
			defaultConfigurationName = Release;
		};
/* End XCConfigurationList section */
	};
	rootObject = A7010007281A501D00E3236C /* Project object */;
}
